
Microsoft Visual Studio Solution File, Format Version 12.00
# Visual Studio Version 17
VisualStudioVersion = 17.14.36717.8
MinimumVisualStudioVersion = 10.0.40219.1
Project("{FAE04EC0-301F-11D3-BF4B-00C04F79EFBC}") = "GoVibe.API", "GoVibe.API\GoVibe.API.csproj", "{F9724FFB-906C-4C34-831F-A4D23AD61F2A}"
EndProject
Project("{FAE04EC0-301F-11D3-BF4B-00C04F79EFBC}") = "GoVibe.Domain", "GoVibe.Domain\GoVibe.Domain.csproj", "{9016DE2F-4DDA-48B4-A77B-5A0668952CAB}"
EndProject
Project("{FAE04EC0-301F-11D3-BF4B-00C04F79EFBC}") = "GoVibe.Infrastructure", "GoVibe.Infrastructure\GoVibe.Infrastructure.csproj", "{35AC2763-6FD9-47C4-A65D-4C36AE64B0E9}"
EndProject
Project("{2150E333-8FDC-42A3-9474-1A3956D46DE8}") = "Shared", "Shared", "{02EA681E-C7D8-13C7-8484-4AC65E1B71E8}"
EndProject
Project("{2150E333-8FDC-42A3-9474-1A3956D46DE8}") = "BackgroundJobs", "BackgroundJobs", "{A521E15E-87AE-4655-8D7E-7D9DC3F5D75D}"
EndProject
Project("{2150E333-8FDC-42A3-9474-1A3956D46DE8}") = "Services", "Services", "{D7C07FFA-EF14-43CD-9CE3-4204170C8C12}"
EndProject
Project("{2150E333-8FDC-42A3-9474-1A3956D46DE8}") = "GoVibeAPI", "GoVibeAPI", "{6D344B5E-FB09-4A91-9632-22EB989E6107}"
EndProject
Project("{2150E333-8FDC-42A3-9474-1A3956D46DE8}") = "GoVibeAuth", "GoVibeAuth", "{425610A9-C12E-4DFC-8258-05205B79DE4E}"
EndProject
Project("{2150E333-8FDC-42A3-9474-1A3956D46DE8}") = "GovibeSearch", "GovibeSearch", "{86523E8A-D0EC-4167-AA68-0C9D83057A21}"
EndProject
Project("{2150E333-8FDC-42A3-9474-1A3956D46DE8}") = "ApiGateway", "ApiGateway", "{00C3BD52-AF38-490B-A95A-66507D7A6729}"
EndProject
Project("{FAE04EC0-301F-11D3-BF4B-00C04F79EFBC}") = "EventBus", "EventBus\EventBus.csproj", "{8E5EC502-20FF-4311-B0BF-1F95EDB03804}"
EndProject
Project("{FAE04EC0-301F-11D3-BF4B-00C04F79EFBC}") = "Logging", "Logging\Logging.csproj", "{4DBAFE29-48FE-4B00-A554-ADA6DE02A0C3}"
EndProject
Project("{FAE04EC0-301F-11D3-BF4B-00C04F79EFBC}") = "Common", "Common\Common.csproj", "{2039DFF7-DB26-4813-952F-B362A4DD2B71}"
EndProject
Project("{FAE04EC0-301F-11D3-BF4B-00C04F79EFBC}") = "GoVibeAuth.API", "GoVibeAuth.API\GoVibeAuth.API.csproj", "{AE4AA00E-9BF6-4265-A994-064DD41A2E05}"
EndProject
Project("{FAE04EC0-301F-11D3-BF4B-00C04F79EFBC}") = "GoVibeSearch.API", "GoVibeSearch.API\GoVibeSearch.API.csproj", "{F46F24FF-D138-4284-9CF5-55C81D2EF253}"
EndProject
Project("{FAE04EC0-301F-11D3-BF4B-00C04F79EFBC}") = "ApiGateway", "ApiGateway\ApiGateway.csproj", "{F98C0950-1DB9-4B5B-915C-A55BDB17D2D1}"
EndProject
Global
	GlobalSection(SolutionConfigurationPlatforms) = preSolution
		Debug|Any CPU = Debug|Any CPU
		Release|Any CPU = Release|Any CPU
	EndGlobalSection
	GlobalSection(ProjectConfigurationPlatforms) = postSolution
		{F9724FFB-906C-4C34-831F-A4D23AD61F2A}.Debug|Any CPU.ActiveCfg = Debug|Any CPU
		{F9724FFB-906C-4C34-831F-A4D23AD61F2A}.Debug|Any CPU.Build.0 = Debug|Any CPU
		{F9724FFB-906C-4C34-831F-A4D23AD61F2A}.Release|Any CPU.ActiveCfg = Release|Any CPU
		{F9724FFB-906C-4C34-831F-A4D23AD61F2A}.Release|Any CPU.Build.0 = Release|Any CPU
		{9016DE2F-4DDA-48B4-A77B-5A0668952CAB}.Debug|Any CPU.ActiveCfg = Debug|Any CPU
		{9016DE2F-4DDA-48B4-A77B-5A0668952CAB}.Debug|Any CPU.Build.0 = Debug|Any CPU
		{9016DE2F-4DDA-48B4-A77B-5A0668952CAB}.Release|Any CPU.ActiveCfg = Release|Any CPU
		{9016DE2F-4DDA-48B4-A77B-5A0668952CAB}.Release|Any CPU.Build.0 = Release|Any CPU
		{35AC2763-6FD9-47C4-A65D-4C36AE64B0E9}.Debug|Any CPU.ActiveCfg = Debug|Any CPU
		{35AC2763-6FD9-47C4-A65D-4C36AE64B0E9}.Debug|Any CPU.Build.0 = Debug|Any CPU
		{35AC2763-6FD9-47C4-A65D-4C36AE64B0E9}.Release|Any CPU.ActiveCfg = Release|Any CPU
		{35AC2763-6FD9-47C4-A65D-4C36AE64B0E9}.Release|Any CPU.Build.0 = Release|Any CPU
		{8E5EC502-20FF-4311-B0BF-1F95EDB03804}.Debug|Any CPU.ActiveCfg = Debug|Any CPU
		{8E5EC502-20FF-4311-B0BF-1F95EDB03804}.Debug|Any CPU.Build.0 = Debug|Any CPU
		{8E5EC502-20FF-4311-B0BF-1F95EDB03804}.Release|Any CPU.ActiveCfg = Release|Any CPU
		{8E5EC502-20FF-4311-B0BF-1F95EDB03804}.Release|Any CPU.Build.0 = Release|Any CPU
		{4DBAFE29-48FE-4B00-A554-ADA6DE02A0C3}.Debug|Any CPU.ActiveCfg = Debug|Any CPU
		{4DBAFE29-48FE-4B00-A554-ADA6DE02A0C3}.Debug|Any CPU.Build.0 = Debug|Any CPU
		{4DBAFE29-48FE-4B00-A554-ADA6DE02A0C3}.Release|Any CPU.ActiveCfg = Release|Any CPU
		{4DBAFE29-48FE-4B00-A554-ADA6DE02A0C3}.Release|Any CPU.Build.0 = Release|Any CPU
		{2039DFF7-DB26-4813-952F-B362A4DD2B71}.Debug|Any CPU.ActiveCfg = Debug|Any CPU
		{2039DFF7-DB26-4813-952F-B362A4DD2B71}.Debug|Any CPU.Build.0 = Debug|Any CPU
		{2039DFF7-DB26-4813-952F-B362A4DD2B71}.Release|Any CPU.ActiveCfg = Release|Any CPU
		{2039DFF7-DB26-4813-952F-B362A4DD2B71}.Release|Any CPU.Build.0 = Release|Any CPU
		{AE4AA00E-9BF6-4265-A994-064DD41A2E05}.Debug|Any CPU.ActiveCfg = Debug|Any CPU
		{AE4AA00E-9BF6-4265-A994-064DD41A2E05}.Debug|Any CPU.Build.0 = Debug|Any CPU
		{AE4AA00E-9BF6-4265-A994-064DD41A2E05}.Release|Any CPU.ActiveCfg = Release|Any CPU
		{AE4AA00E-9BF6-4265-A994-064DD41A2E05}.Release|Any CPU.Build.0 = Release|Any CPU
		{F46F24FF-D138-4284-9CF5-55C81D2EF253}.Debug|Any CPU.ActiveCfg = Debug|Any CPU
		{F46F24FF-D138-4284-9CF5-55C81D2EF253}.Debug|Any CPU.Build.0 = Debug|Any CPU
		{F46F24FF-D138-4284-9CF5-55C81D2EF253}.Release|Any CPU.ActiveCfg = Release|Any CPU
		{F46F24FF-D138-4284-9CF5-55C81D2EF253}.Release|Any CPU.Build.0 = Release|Any CPU
		{F98C0950-1DB9-4B5B-915C-A55BDB17D2D1}.Debug|Any CPU.ActiveCfg = Debug|Any CPU
		{F98C0950-1DB9-4B5B-915C-A55BDB17D2D1}.Debug|Any CPU.Build.0 = Debug|Any CPU
		{F98C0950-1DB9-4B5B-915C-A55BDB17D2D1}.Release|Any CPU.ActiveCfg = Release|Any CPU
		{F98C0950-1DB9-4B5B-915C-A55BDB17D2D1}.Release|Any CPU.Build.0 = Release|Any CPU
	EndGlobalSection
	GlobalSection(SolutionProperties) = preSolution
		HideSolutionNode = FALSE
	EndGlobalSection
	GlobalSection(NestedProjects) = preSolution
		{F9724FFB-906C-4C34-831F-A4D23AD61F2A} = {6D344B5E-FB09-4A91-9632-22EB989E6107}
		{9016DE2F-4DDA-48B4-A77B-5A0668952CAB} = {6D344B5E-FB09-4A91-9632-22EB989E6107}
		{35AC2763-6FD9-47C4-A65D-4C36AE64B0E9} = {6D344B5E-FB09-4A91-9632-22EB989E6107}
		{6D344B5E-FB09-4A91-9632-22EB989E6107} = {D7C07FFA-EF14-43CD-9CE3-4204170C8C12}
		{425610A9-C12E-4DFC-8258-05205B79DE4E} = {D7C07FFA-EF14-43CD-9CE3-4204170C8C12}
		{86523E8A-D0EC-4167-AA68-0C9D83057A21} = {D7C07FFA-EF14-43CD-9CE3-4204170C8C12}
		{8E5EC502-20FF-4311-B0BF-1F95EDB03804} = {02EA681E-C7D8-13C7-8484-4AC65E1B71E8}
		{4DBAFE29-48FE-4B00-A554-ADA6DE02A0C3} = {02EA681E-C7D8-13C7-8484-4AC65E1B71E8}
		{2039DFF7-DB26-4813-952F-B362A4DD2B71} = {02EA681E-C7D8-13C7-8484-4AC65E1B71E8}
		{AE4AA00E-9BF6-4265-A994-064DD41A2E05} = {425610A9-C12E-4DFC-8258-05205B79DE4E}
		{F46F24FF-D138-4284-9CF5-55C81D2EF253} = {86523E8A-D0EC-4167-AA68-0C9D83057A21}
		{F98C0950-1DB9-4B5B-915C-A55BDB17D2D1} = {00C3BD52-AF38-490B-A95A-66507D7A6729}
	EndGlobalSection
	GlobalSection(ExtensibilityGlobals) = postSolution
		SolutionGuid = {A41CF192-2806-4F7E-A410-0A16C0D9270E}
	EndGlobalSection
EndGlobal
